
Microsoft Visual Studio Solution File, Format Version 12.00
# Visual Studio Version 17
VisualStudioVersion = 17.7.34018.315
MinimumVisualStudioVersion = 10.0.40219.1
Project("{9A19103F-16F7-4668-BE54-9A1E7A4F7556}") = "BondYieldCalculator.GUI", "BondYieldCalculator.GUI\BondYieldCalculator.GUI.csproj", "{886B9DD8-CE6E-40F0-8A78-62F08807643C}"
EndProject
Project("{9A19103F-16F7-4668-BE54-9A1E7A4F7556}") = "BondYieldCalculator.Parser", "BondYieldCalculator.Parser\BondYieldCalculator.Parser.csproj", "{B18E5FFE-2F3B-4D3B-8E16-F78CCD4EF1CA}"
EndProject
Project("{9A19103F-16F7-4668-BE54-9A1E7A4F7556}") = "BondYieldCalculator.Entities", "BondYieldCalculator.Entities\BondYieldCalculator.Entities.csproj", "{C1F0CF8C-0513-4DDC-A547-47F07156D419}"
EndProject
Global
	GlobalSection(SolutionConfigurationPlatforms) = preSolution
		Debug|Any CPU = Debug|Any CPU
		Release|Any CPU = Release|Any CPU
	EndGlobalSection
	GlobalSection(ProjectConfigurationPlatforms) = postSolution
		{886B9DD8-CE6E-40F0-8A78-62F08807643C}.Debug|Any CPU.ActiveCfg = Debug|Any CPU
		{886B9DD8-CE6E-40F0-8A78-62F08807643C}.Debug|Any CPU.Build.0 = Debug|Any CPU
		{886B9DD8-CE6E-40F0-8A78-62F08807643C}.Release|Any CPU.ActiveCfg = Release|Any CPU
		{886B9DD8-CE6E-40F0-8A78-62F08807643C}.Release|Any CPU.Build.0 = Release|Any CPU
		{B18E5FFE-2F3B-4D3B-8E16-F78CCD4EF1CA}.Debug|Any CPU.ActiveCfg = Debug|Any CPU
		{B18E5FFE-2F3B-4D3B-8E16-F78CCD4EF1CA}.Debug|Any CPU.Build.0 = Debug|Any CPU
		{B18E5FFE-2F3B-4D3B-8E16-F78CCD4EF1CA}.Release|Any CPU.ActiveCfg = Release|Any CPU
		{B18E5FFE-2F3B-4D3B-8E16-F78CCD4EF1CA}.Release|Any CPU.Build.0 = Release|Any CPU
		{C1F0CF8C-0513-4DDC-A547-47F07156D419}.Debug|Any CPU.ActiveCfg = Debug|Any CPU
		{C1F0CF8C-0513-4DDC-A547-47F07156D419}.Debug|Any CPU.Build.0 = Debug|Any CPU
		{C1F0CF8C-0513-4DDC-A547-47F07156D419}.Release|Any CPU.ActiveCfg = Release|Any CPU
		{C1F0CF8C-0513-4DDC-A547-47F07156D419}.Release|Any CPU.Build.0 = Release|Any CPU
	EndGlobalSection
	GlobalSection(SolutionProperties) = preSolution
		HideSolutionNode = FALSE
	EndGlobalSection
	GlobalSection(ExtensibilityGlobals) = postSolution
		SolutionGuid = {3CA73CD7-9AD7-48B1-9203-AF60724F13D3}
	EndGlobalSection
EndGlobal
